
Microsoft Visual Studio Solution File, Format Version 12.00
# Visual Studio 2012
Project("{FAE04EC0-301F-11D3-BF4B-00C04F79EFBC}") = "Sinema_Otomasyonu", "Sinema_Otomasyonu\Sinema_Otomasyonu.csproj", "{3142C45D-BF0D-427E-AFE3-DC08983820FF}"
EndProject
Global
	GlobalSection(SolutionConfigurationPlatforms) = preSolution
		Debug|Any CPU = Debug|Any CPU
		Release|Any CPU = Release|Any CPU
	EndGlobalSection
	GlobalSection(ProjectConfigurationPlatforms) = postSolution
		{3142C45D-BF0D-427E-AFE3-DC08983820FF}.Debug|Any CPU.ActiveCfg = Debug|Any CPU
		{3142C45D-BF0D-427E-AFE3-DC08983820FF}.Debug|Any CPU.Build.0 = Debug|Any CPU
		{3142C45D-BF0D-427E-AFE3-DC08983820FF}.Release|Any CPU.ActiveCfg = Release|Any CPU
		{3142C45D-BF0D-427E-AFE3-DC08983820FF}.Release|Any CPU.Build.0 = Release|Any CPU
	EndGlobalSection
	GlobalSection(SolutionProperties) = preSolution
		HideSolutionNode = FALSE
	EndGlobalSection
EndGlobal
